lockfileVersion: '9.0'

settings:
  autoInstallPeers: true
  excludeLinksFromLockfile: false

importers:

  .:
    dependencies:
      cool-expandable:
        specifier: git@github.com:alecbass/cool-expandable.git#types
        version: https://codeload.github.com/alecbass/cool-expandable/tar.gz/7d3479e9f0173682acc5402f0c3a46d8ceaa888a
    devDependencies:
      '@tsconfig/recommended':
        specifier: 1.0.8
        version: 1.0.8
      '@types/node':
        specifier: 22.13.7
        version: 22.13.7
      prettier:
        specifier: 3.5.2
        version: 3.5.2
      typescript:
        specifier: 5.8.2
        version: 5.8.2

packages:

  '@tsconfig/recommended@1.0.8':
    resolution: {integrity: sha512-TotjFaaXveVUdsrXCdalyF6E5RyG6+7hHHQVZonQtdlk1rJZ1myDIvPUUKPhoYv+JAzThb2lQJh9+9ZfF46hsA==}

  '@types/node@22.13.7':
    resolution: {integrity: sha512-oU2q+BsQldB9lYxHNp/5aZO+/Bs0Usa74Abo9mAKulz4ahQyXRHK6UVKYIN8KSC8HXwhWSi7b49JnX+txuac0w==}

  cool-expandable@https://codeload.github.com/alecbass/cool-expandable/tar.gz/7d3479e9f0173682acc5402f0c3a46d8ceaa888a:
    resolution: {tarball: https://codeload.github.com/alecbass/cool-expandable/tar.gz/7d3479e9f0173682acc5402f0c3a46d8ceaa888a}
    version: 1.0.0

  cool-expandable@https://codeload.github.com/alecbass/cool-expandable/tar.gz/c67d0fe73e55b3f3a86fd64ff18c9a78fd63fa9b:
    resolution: {tarball: https://codeload.github.com/alecbass/cool-expandable/tar.gz/c67d0fe73e55b3f3a86fd64ff18c9a78fd63fa9b}
    version: 1.0.0

  prettier@3.5.2:
    resolution: {integrity: sha512-lc6npv5PH7hVqozBR7lkBNOGXV9vMwROAPlumdBkX0wTbbzPu/U1hk5yL8p2pt4Xoc+2mkT8t/sow2YrV/M5qg==}
    engines: {node: '>=14'}
    hasBin: true

  typescript@5.8.2:
    resolution: {integrity: sha512-aJn6wq13/afZp/jT9QZmwEjDqqvSGp1VT5GVg+f/t6/oVyrgXM6BY1h9BRh/O5p3PlUPAe+WuiEZOmb/49RqoQ==}
    engines: {node: '>=14.17'}
    hasBin: true

  undici-types@6.20.0:
    resolution: {integrity: sha512-Ny6QZ2Nju20vw1SRHe3d9jVu6gJ+4e3+MMpqu7pqE5HT6WsTSlce++GQmK5UXS8mzV8DSYHrQH+Xrf2jVcuKNg==}

snapshots:

  '@tsconfig/recommended@1.0.8': {}

  '@types/node@22.13.7':
    dependencies:
      undici-types: 6.20.0

  cool-expandable@https://codeload.github.com/alecbass/cool-expandable/tar.gz/7d3479e9f0173682acc5402f0c3a46d8ceaa888a:
    dependencies:
      cool-expandable: https://codeload.github.com/alecbass/cool-expandable/tar.gz/c67d0fe73e55b3f3a86fd64ff18c9a78fd63fa9b

  cool-expandable@https://codeload.github.com/alecbass/cool-expandable/tar.gz/c67d0fe73e55b3f3a86fd64ff18c9a78fd63fa9b: {}

  prettier@3.5.2: {}

  typescript@5.8.2: {}

  undici-types@6.20.0: {}
